
Microsoft Visual Studio Solution File, Format Version 12.00
# Visual Studio 15
Project("{FAE04EC0-301F-11D3-BF4B-00C04F79EFBC}") = "Assembly-CSharp", "Assembly-CSharp.csproj", "{3FD9EE6F-B2B0-B602-3253-12E13E3AC63F}"
EndProject
Project("{FAE04EC0-301F-11D3-BF4B-00C04F79EFBC}") = "Assembly-CSharp-firstpass", "Assembly-CSharp-firstpass.csproj", "{38B1BAF7-2FEC-54F8-D827-ABAA032611BE}"
EndProject
Project("{FAE04EC0-301F-11D3-BF4B-00C04F79EFBC}") = "Assembly-CSharp-Editor", "Assembly-CSharp-Editor.csproj", "{FAA4D4F8-268C-4084-2FC3-3E250D2A3ED6}"
EndProject
Global
	GlobalSection(SolutionConfigurationPlatforms) = preSolution
		Debug|Any CPU = Debug|Any CPU
		Release|Any CPU = Release|Any CPU
	EndGlobalSection
	GlobalSection(ProjectConfigurationPlatforms) = postSolution
		{3FD9EE6F-B2B0-B602-3253-12E13E3AC63F}.Debug|Any CPU.ActiveCfg = Debug|Any CPU
		{3FD9EE6F-B2B0-B602-3253-12E13E3AC63F}.Debug|Any CPU.Build.0 = Debug|Any CPU
		{3FD9EE6F-B2B0-B602-3253-12E13E3AC63F}.Release|Any CPU.ActiveCfg = Release|Any CPU
		{3FD9EE6F-B2B0-B602-3253-12E13E3AC63F}.Release|Any CPU.Build.0 = Release|Any CPU
		{38B1BAF7-2FEC-54F8-D827-ABAA032611BE}.Debug|Any CPU.ActiveCfg = Debug|Any CPU
		{38B1BAF7-2FEC-54F8-D827-ABAA032611BE}.Debug|Any CPU.Build.0 = Debug|Any CPU
		{38B1BAF7-2FEC-54F8-D827-ABAA032611BE}.Release|Any CPU.ActiveCfg = Release|Any CPU
		{38B1BAF7-2FEC-54F8-D827-ABAA032611BE}.Release|Any CPU.Build.0 = Release|Any CPU
		{FAA4D4F8-268C-4084-2FC3-3E250D2A3ED6}.Debug|Any CPU.ActiveCfg = Debug|Any CPU
		{FAA4D4F8-268C-4084-2FC3-3E250D2A3ED6}.Debug|Any CPU.Build.0 = Debug|Any CPU
		{FAA4D4F8-268C-4084-2FC3-3E250D2A3ED6}.Release|Any CPU.ActiveCfg = Release|Any CPU
		{FAA4D4F8-268C-4084-2FC3-3E250D2A3ED6}.Release|Any CPU.Build.0 = Release|Any CPU
	EndGlobalSection
	GlobalSection(SolutionProperties) = preSolution
		HideSolutionNode = FALSE
	EndGlobalSection
EndGlobal
